{
  "nodes": {
    "nixpkgs": {
      "locked": {
        "lastModified": 1689482157,
        "narHash": "sha256-7DmkMNaWoHqIUT6O1HCUyVJSvhhRT5kIClKKSE9hiMU=",
        "owner": "NixOS",
        "repo": "nixpkgs",
        "rev": "a35621603c2d8417ca3f371f0e3bcc66a58f2aad",
        "type": "github"
      },
      "original": {
        "owner": "NixOS",
        "ref": "master",
        "repo": "nixpkgs",
        "type": "github"
      }
    },
    "nixpkgs_2": {
      "locked": {
        "lastModified": 1689482157,
        "narHash": "sha256-7DmkMNaWoHqIUT6O1HCUyVJSvhhRT5kIClKKSE9hiMU=",
        "owner": "NixOS",
        "repo": "nixpkgs",
        "rev": "a35621603c2d8417ca3f371f0e3bcc66a58f2aad",
        "type": "github"
      },
      "original": {
        "owner": "NixOS",
        "ref": "master",
        "repo": "nixpkgs",
        "type": "github"
      }
    },
    "phoenix-utils": {
      "inputs": {
        "nixpkgs": "nixpkgs_2"
      },
      "locked": {
        "lastModified": 1689980543,
        "narHash": "sha256-dm7dty7Q3r1GgRL5G5tDF1nNkxuou4uBfAvshzN6v5I=",
        "owner": "code-supply",
        "repo": "phoenix-utils",
        "rev": "6779c9af954efe75d91e6633320c766b96523a67",
        "type": "github"
      },
      "original": {
        "owner": "code-supply",
        "repo": "phoenix-utils",
        "type": "github"
      }
    },
    "root": {
      "inputs": {
        "nixpkgs": "nixpkgs",
        "phoenix-utils": "phoenix-utils"
      }
    }
  },
  "root": "root",
  "version": 7
}
