{
  "nodes": {
    "nixpkgs": {
      "locked": {
        "lastModified": 1694017633,
        "narHash": "sha256-96AUjRc9svdqJ7Oat/dZlFd0A/Mq4kXtRhW7gnbeHjw=",
        "owner": "NixOS",
        "repo": "nixpkgs",
        "rev": "ac4f5079f7e668afa312458d621dad7fc0320f9b",
        "type": "github"
      },
      "original": {
        "owner": "NixOS",
        "ref": "master",
        "repo": "nixpkgs",
        "type": "github"
      }
    },
    "root": {
      "inputs": {
        "nixpkgs": "nixpkgs"
      }
    }
  },
  "root": "root",
  "version": 7
}
